# This file is automatically generated.
# It is not intended for manual editing.
version = 1

[[packages]]
name = "roastedroot:sqlite4j-wasm"
registry = "ghcr.io"

[[packages.versions]]
requirement = "=3.53.4"
version = "3.53.4"
digest = "sha256:5747c92d3054f6a29802ba2a06b198b9f76dfcfe1d3201ad64729a3567b47e71"
